
Microsoft Visual Studio Solution File, Format Version 12.00
# Visual Studio Version 16
VisualStudioVersion = 16.0.30709.64
MinimumVisualStudioVersion = 10.0.40219.1
Project("{FAE04EC0-301F-11D3-BF4B-00C04F79EFBC}") = "ExampleMod", "ExampleMod.csproj", "{8C95DCFC-B1ED-4855-8916-0F9B0831222E}"
EndProject
Global
	GlobalSection(SolutionConfigurationPlatforms) = preSolution
		Debug|Any CPU = Debug|Any CPU
		Release|Any CPU = Release|Any CPU
	EndGlobalSection
	GlobalSection(ProjectConfigurationPlatforms) = postSolution
		{8C95DCFC-B1ED-4855-8916-0F9B0831222E}.Debug|Any CPU.ActiveCfg = Debug|Any CPU
		{8C95DCFC-B1ED-4855-8916-0F9B0831222E}.Debug|Any CPU.Build.0 = Debug|Any CPU
		{8C95DCFC-B1ED-4855-8916-0F9B0831222E}.Release|Any CPU.ActiveCfg = Release|Any CPU
		{8C95DCFC-B1ED-4855-8916-0F9B0831222E}.Release|Any CPU.Build.0 = Release|Any CPU
	EndGlobalSection
	GlobalSection(SolutionProperties) = preSolution
		HideSolutionNode = FALSE
	EndGlobalSection
	GlobalSection(ExtensibilityGlobals) = postSolution
		SolutionGuid = {5A9B6233-7AEF-4D94-9C2D-5DF92F4244E1}
	EndGlobalSection
EndGlobal
